schema: '2.0'
stages:
  data_cleaning:
    cmd: uv run src/main.py -p clean
    deps:
    - path: data/Estudios_Economicos_Consolidado.xlsx
      hash: md5
      md5: de97124ad2316f31cadff669a30aac71
      size: 93838
    - path: src/data_cleaner.py
      hash: md5
      md5: 6591f44f0a0665fe8b67a6c082d97b0c
      size: 4399
    - path: src/main.py
      hash: md5
      md5: ef5ccaa57209ae725bfe8a5bb32fd04d
      size: 1838
    outs:
    - path: data/dataset_cleaned.xlsx
      hash: md5
      md5: 6fe6abdc441c818bc73a3695eac42797
      size: 92106
  data_transformation:
    cmd: uv run src/main.py -p transform
    deps:
    - path: data/dataset_cleaned.xlsx
      hash: md5
      md5: 6fe6abdc441c818bc73a3695eac42797
      size: 92106
    - path: src/data_transformer.py
      hash: md5
      md5: 72093087765932a0c0e980f5f925f75c
      size: 14688
    - path: src/main.py
      hash: md5
      md5: ef5ccaa57209ae725bfe8a5bb32fd04d
      size: 1838
    outs:
    - path: data/final_dataset.csv
      hash: md5
      md5: d754001a7037405d70999b528a6d2b0f
      size: 98335
